
Microsoft Visual Studio Solution File, Format Version 12.00
# Visual Studio Version 16
VisualStudioVersion = 16.0.29215.179
MinimumVisualStudioVersion = 10.0.40219.1
Project("{FAE04EC0-301F-11D3-BF4B-00C04F79EFBC}") = "TOOAPP", "TOOAPP\TOOAPP.csproj", "{8CED40BE-EAA5-47AF-9BBA-544A5FD10848}"
EndProject
Global
	GlobalSection(SolutionConfigurationPlatforms) = preSolution
		Debug|Any CPU = Debug|Any CPU
		Release|Any CPU = Release|Any CPU
	EndGlobalSection
	GlobalSection(ProjectConfigurationPlatforms) = postSolution
		{8CED40BE-EAA5-47AF-9BBA-544A5FD10848}.Debug|Any CPU.ActiveCfg = Debug|Any CPU
		{8CED40BE-EAA5-47AF-9BBA-544A5FD10848}.Debug|Any CPU.Build.0 = Debug|Any CPU
		{8CED40BE-EAA5-47AF-9BBA-544A5FD10848}.Release|Any CPU.ActiveCfg = Release|Any CPU
		{8CED40BE-EAA5-47AF-9BBA-544A5FD10848}.Release|Any CPU.Build.0 = Release|Any CPU
	EndGlobalSection
	GlobalSection(SolutionProperties) = preSolution
		HideSolutionNode = FALSE
	EndGlobalSection
	GlobalSection(ExtensibilityGlobals) = postSolution
		SolutionGuid = {5CF794F1-6C1D-4112-A071-595E12413BBC}
	EndGlobalSection
EndGlobal
